
Microsoft Visual Studio Solution File, Format Version 12.00
# Visual Studio Version 16
VisualStudioVersion = 16.0.30413.136
MinimumVisualStudioVersion = 10.0.40219.1
Project("{FAE04EC0-301F-11D3-BF4B-00C04F79EFBC}") = "BillingSystem1", "BillingSystem1.csproj", "{7E8654E8-D076-49FA-AB0B-80B529D2EBEA}"
EndProject
Global
	GlobalSection(SolutionConfigurationPlatforms) = preSolution
		Debug|Any CPU = Debug|Any CPU
		Release|Any CPU = Release|Any CPU
	EndGlobalSection
	GlobalSection(ProjectConfigurationPlatforms) = postSolution
		{7E8654E8-D076-49FA-AB0B-80B529D2EBEA}.Debug|Any CPU.ActiveCfg = Debug|Any CPU
		{7E8654E8-D076-49FA-AB0B-80B529D2EBEA}.Debug|Any CPU.Build.0 = Debug|Any CPU
		{7E8654E8-D076-49FA-AB0B-80B529D2EBEA}.Release|Any CPU.ActiveCfg = Release|Any CPU
		{7E8654E8-D076-49FA-AB0B-80B529D2EBEA}.Release|Any CPU.Build.0 = Release|Any CPU
	EndGlobalSection
	GlobalSection(SolutionProperties) = preSolution
		HideSolutionNode = FALSE
	EndGlobalSection
	GlobalSection(ExtensibilityGlobals) = postSolution
		SolutionGuid = {6F305C07-5A54-4F29-A4C4-4ABBD4C67611}
	EndGlobalSection
EndGlobal
